
Microsoft Visual Studio Solution File, Format Version 11.00
# Visual C# Express 2010
Project("{FAE04EC0-301F-11D3-BF4B-00C04F79EFBC}") = "KinectTest001", "KinectTest001\KinectTest001.csproj", "{61CF9FBF-86CA-41FB-BD50-F77797B25B0C}"
EndProject
Global
	GlobalSection(SolutionConfigurationPlatforms) = preSolution
		Debug|x86 = Debug|x86
		Release|x86 = Release|x86
	EndGlobalSection
	GlobalSection(ProjectConfigurationPlatforms) = postSolution
		{61CF9FBF-86CA-41FB-BD50-F77797B25B0C}.Debug|x86.ActiveCfg = Debug|x86
		{61CF9FBF-86CA-41FB-BD50-F77797B25B0C}.Debug|x86.Build.0 = Debug|x86
		{61CF9FBF-86CA-41FB-BD50-F77797B25B0C}.Release|x86.ActiveCfg = Release|x86
		{61CF9FBF-86CA-41FB-BD50-F77797B25B0C}.Release|x86.Build.0 = Release|x86
	EndGlobalSection
	GlobalSection(SolutionProperties) = preSolution
		HideSolutionNode = FALSE
	EndGlobalSection
EndGlobal
